
Microsoft Visual Studio Solution File, Format Version 12.00
# Visual Studio 2013
VisualStudioVersion = 12.0.30723.0
MinimumVisualStudioVersion = 10.0.40219.1
Project("{FAE04EC0-301F-11D3-BF4B-00C04F79EFBC}") = "KnowIsKnow", "KnowIsKnow\KnowIsKnow.csproj", "{B2838F19-72E8-4FB2-93EE-BE2A71219D9E}"
EndProject
Project("{FAE04EC0-301F-11D3-BF4B-00C04F79EFBC}") = "Model", "Model\Model.csproj", "{F7475CD1-5D9C-44CA-A990-D86F6C30492A}"
EndProject
Project("{FAE04EC0-301F-11D3-BF4B-00C04F79EFBC}") = "DAL", "DAL\DAL.csproj", "{FAFFA317-F797-4691-94E3-D9BEE23ECA6E}"
EndProject
Project("{FAE04EC0-301F-11D3-BF4B-00C04F79EFBC}") = "BLL", "BLL\BLL.csproj", "{1EEEAA77-C3D5-4617-A137-4E0D0EFB563C}"
EndProject
Project("{FAE04EC0-301F-11D3-BF4B-00C04F79EFBC}") = "DBUtility", "DBUtility\DBUtility.csproj", "{42B199C9-02B2-41AD-9DE5-2601259AE8D8}"
EndProject
Global
	GlobalSection(SolutionConfigurationPlatforms) = preSolution
		Debug|Any CPU = Debug|Any CPU
		Release|Any CPU = Release|Any CPU
	EndGlobalSection
	GlobalSection(ProjectConfigurationPlatforms) = postSolution
		{B2838F19-72E8-4FB2-93EE-BE2A71219D9E}.Debug|Any CPU.ActiveCfg = Debug|Any CPU
		{B2838F19-72E8-4FB2-93EE-BE2A71219D9E}.Debug|Any CPU.Build.0 = Debug|Any CPU
		{B2838F19-72E8-4FB2-93EE-BE2A71219D9E}.Release|Any CPU.ActiveCfg = Release|Any CPU
		{B2838F19-72E8-4FB2-93EE-BE2A71219D9E}.Release|Any CPU.Build.0 = Release|Any CPU
		{F7475CD1-5D9C-44CA-A990-D86F6C30492A}.Debug|Any CPU.ActiveCfg = Debug|Any CPU
		{F7475CD1-5D9C-44CA-A990-D86F6C30492A}.Debug|Any CPU.Build.0 = Debug|Any CPU
		{F7475CD1-5D9C-44CA-A990-D86F6C30492A}.Release|Any CPU.ActiveCfg = Release|Any CPU
		{F7475CD1-5D9C-44CA-A990-D86F6C30492A}.Release|Any CPU.Build.0 = Release|Any CPU
		{FAFFA317-F797-4691-94E3-D9BEE23ECA6E}.Debug|Any CPU.ActiveCfg = Debug|Any CPU
		{FAFFA317-F797-4691-94E3-D9BEE23ECA6E}.Debug|Any CPU.Build.0 = Debug|Any CPU
		{FAFFA317-F797-4691-94E3-D9BEE23ECA6E}.Release|Any CPU.ActiveCfg = Release|Any CPU
		{FAFFA317-F797-4691-94E3-D9BEE23ECA6E}.Release|Any CPU.Build.0 = Release|Any CPU
		{1EEEAA77-C3D5-4617-A137-4E0D0EFB563C}.Debug|Any CPU.ActiveCfg = Debug|Any CPU
		{1EEEAA77-C3D5-4617-A137-4E0D0EFB563C}.Debug|Any CPU.Build.0 = Debug|Any CPU
		{1EEEAA77-C3D5-4617-A137-4E0D0EFB563C}.Release|Any CPU.ActiveCfg = Release|Any CPU
		{1EEEAA77-C3D5-4617-A137-4E0D0EFB563C}.Release|Any CPU.Build.0 = Release|Any CPU
		{42B199C9-02B2-41AD-9DE5-2601259AE8D8}.Debug|Any CPU.ActiveCfg = Debug|Any CPU
		{42B199C9-02B2-41AD-9DE5-2601259AE8D8}.Debug|Any CPU.Build.0 = Debug|Any CPU
		{42B199C9-02B2-41AD-9DE5-2601259AE8D8}.Release|Any CPU.ActiveCfg = Release|Any CPU
		{42B199C9-02B2-41AD-9DE5-2601259AE8D8}.Release|Any CPU.Build.0 = Release|Any CPU
	EndGlobalSection
	GlobalSection(SolutionProperties) = preSolution
		HideSolutionNode = FALSE
	EndGlobalSection
EndGlobal
